// !$*UTF8*$!
{
	archiveVersion = 1;
	classes = {
	};
	objectVersion = 50;
	objects = {

/* Begin PBXBuildFile section */
		909B4E4320E08BEF00085577 /* AppDelegate.swift in Sources */ = {isa = PBXBuildFile; fileRef = 909B4E4220E08BEF00085577 /* AppDelegate.swift */; };
		909B4E4520E08BEF00085577 /* ViewController.swift in Sources */ = {isa = PBXBuildFile; fileRef = 909B4E4420E08BEF00085577 /* ViewController.swift */; };
		909B4E4820E08BEF00085577 /* Main.storyboard in Resources */ = {isa = PBXBuildFile; fileRef = 909B4E4620E08BEF00085577 /* Main.storyboard */; };
		909B4E4A20E08BF300085577 /* Assets.xcassets in Resources */ = {isa = PBXBuildFile; fileRef = 909B4E4920E08BF300085577 /* Assets.xcassets */; };
		909B4E4D20E08BF300085577 /* LaunchScreen.storyboard in Resources */ = {isa = PBXBuildFile; fileRef = 909B4E4B20E08BF300085577 /* LaunchScreen.storyboard */; };
		90E9BCE120F30D0B005FC3C7 /* ImageCollectionCell.swift in Sources */ = {isa = PBXBuildFile; fileRef = 90E9BCE020F30D0B005FC3C7 /* ImageCollectionCell.swift */; };
/* End PBXBuildFile section */

/* Begin PBXFileReference section */
		909B4E3F20E08BEF00085577 /* iOSCourse.app */ = {isa = PBXFileReference; explicitFileType = wrapper.application; includeInIndex = 0; path = iOSCourse.app; sourceTree = BUILT_PRODUCTS_DIR; };
		909B4E4220E08BEF00085577 /* AppDelegate.swift */ = {isa = PBXFileReference; lastKnownFileType = sourcecode.swift; path = AppDelegate.swift; sourceTree = "<group>"; };
		909B4E4420E08BEF00085577 /* ViewController.swift */ = {isa = PBXFileReference; lastKnownFileType = sourcecode.swift; path = ViewController.swift; sourceTree = "<group>"; };
		909B4E4720E08BEF00085577 /* Base */ = {isa = PBXFileReference; lastKnownFileType = file.storyboard; name = Base; path = Base.lproj/Main.storyboard; sourceTree = "<group>"; };
		909B4E4920E08BF300085577 /* Assets.xcassets */ = {isa = PBXFileReference; lastKnownFileType = folder.assetcatalog; path = Assets.xcassets; sourceTree = "<group>"; };
		909B4E4C20E08BF300085577 /* Base */ = {isa = PBXFileReference; lastKnownFileType = file.storyboard; name = Base; path = Base.lproj/LaunchScreen.storyboard; sourceTree = "<group>"; };
		909B4E4E20E08BF300085577 /* Info.plist */ = {isa = PBXFileReference; lastKnownFileType = text.plist.xml; path = Info.plist; sourceTree = "<group>"; };
		90E9BCE020F30D0B005FC3C7 /* ImageCollectionCell.swift */ = {isa = PBXFileReference; lastKnownFileType = sourcecode.swift; path = ImageCollectionCell.swift; sourceTree = "<group>"; };
/* End PBXFileReference section */

/* Begin PBXFrameworksBuildPhase section */
		909B4E3C20E08BEF00085577 /* Frameworks */ = {
			isa = PBXFrameworksBuildPhase;
			buildActionMask = 2147483647;
			files = (
			);
			runOnlyForDeploymentPostprocessing = 0;
		};
/* End PBXFrameworksBuildPhase section */

/* Begin PBXGroup section */
		909B4E3620E08BEF00085577 = {
			isa = PBXGroup;
			children = (
				909B4E4120E08BEF00085577 /* iOSCourse */,
				909B4E4020E08BEF00085577 /* Products */,
			);
			sourceTree = "<group>";
		};
		909B4E4020E08BEF00085577 /* Products */ = {
			isa = PBXGroup;
			children = (
				909B4E3F20E08BEF00085577 /* iOSCourse.app */,
			);
			name = Products;
			sourceTree = "<group>";
		};
		909B4E4120E08BEF00085577 /* iOSCourse */ = {
			isa = PBXGroup;
			children = (
				909B4E4220E08BEF00085577 /* AppDelegate.swift */,
				909B4E4420E08BEF00085577 /* ViewController.swift */,
				909B4E4620E08BEF00085577 /* Main.storyboard */,
				909B4E4920E08BF300085577 /* Assets.xcassets */,
				909B4E4B20E08BF300085577 /* LaunchScreen.storyboard */,
				909B4E4E20E08BF300085577 /* Info.plist */,
				90E9BCE020F30D0B005FC3C7 /* ImageCollectionCell.swift */,
			);
			path = iOSCourse;
			sourceTree = "<group>";
		};
/* End PBXGroup section */

/* Begin PBXNativeTarget section */
		909B4E3E20E08BEF00085577 /* iOSCourse */ = {
			isa = PBXNativeTarget;
			buildConfigurationList = 909B4E5120E08BF300085577 /* Build configuration list for PBXNativeTarget "iOSCourse" */;
			buildPhases = (
				909B4E3B20E08BEF00085577 /* Sources */,
				909B4E3C20E08BEF00085577 /* Frameworks */,
				909B4E3D20E08BEF00085577 /* Resources */,
			);
			buildRules = (
			);
			dependencies = (
			);
			name = iOSCourse;
			productName = iOSCourse;
			productReference = 909B4E3F20E08BEF00085577 /* iOSCourse.app */;
			productType = "com.apple.product-type.application";
		};
/* End PBXNativeTarget section */

/* Begin PBXProject section */
		909B4E3720E08BEF00085577 /* Project object */ = {
			isa = PBXProject;
			attributes = {
				LastSwiftUpdateCheck = 0940;
				LastUpgradeCheck = 0940;
				ORGANIZATIONNAME = "Jose Martin Salcedo Lazaro";
				TargetAttributes = {
					909B4E3E20E08BEF00085577 = {
						CreatedOnToolsVersion = 9.4;
					};
				};
			};
			buildConfigurationList = 909B4E3A20E08BEF00085577 /* Build configuration list for PBXProject "iOSCourse" */;
			compatibilityVersion = "Xcode 9.3";
			developmentRegion = en;
			hasScannedForEncodings = 0;
			knownRegions = (
				en,
				Base,
			);
			mainGroup = 909B4E3620E08BEF00085577;
			productRefGroup = 909B4E4020E08BEF00085577 /* Products */;
			projectDirPath = "";
			projectRoot = "";
			targets = (
				909B4E3E20E08BEF00085577 /* iOSCourse */,
			);
		};
/* End PBXProject section */

/* Begin PBXResourcesBuildPhase section */
		909B4E3D20E08BEF00085577 /* Resources */ = {
			isa = PBXResourcesBuildPhase;
			buildActionMask = 2147483647;
			files = (
				909B4E4D20E08BF300085577 /* LaunchScreen.storyboard in Resources */,
				909B4E4A20E08BF300085577 /* Assets.xcassets in Resources */,
				909B4E4820E08BEF00085577 /* Main.storyboard in Resources */,
			);
			runOnlyForDeploymentPostprocessing = 0;
		};
/* End PBXResourcesBuildPhase section */

/* Begin PBXSourcesBuildPhase section */
		909B4E3B20E08BEF00085577 /* Sources */ = {
			isa = PBXSourcesBuildPhase;
			buildActionMask = 2147483647;
			files = (
				90E9BCE120F30D0B005FC3C7 /* ImageCollectionCell.swift in Sources */,
				909B4E4520E08BEF00085577 /* ViewController.swift in Sources */,
				909B4E4320E08BEF00085577 /* AppDelegate.swift in Sources */,
			);
			runOnlyForDeploymentPostprocessing = 0;
		};
/* End PBXSourcesBuildPhase section */

/* Begin PBXVariantGroup section */
		909B4E4620E08BEF00085577 /* Main.storyboard */ = {
			isa = PBXVariantGroup;
			children = (
				909B4E4720E08BEF00085577 /* Base */,
			);
			name = Main.storyboard;
			sourceTree = "<group>";
		};
		909B4E4B20E08BF300085577 /* LaunchScreen.storyboard */ = {
			isa = PBXVariantGroup;
			children = (
				909B4E4C20E08BF300085577 /* Base */,
			);
			name = LaunchScreen.storyboard;
			sourceTree = "<group>";
		};
/* End PBXVariantGroup section */

/* Begin XCBuildConfiguration section */
		909B4E4F20E08BF300085577 /* Debug */ = {
			isa = XCBuildConfiguration;
			buildSettings = {
				ALWAYS_SEARCH_USER_PATHS = NO;
				CLANG_ANALYZER_NONNULL = YES;
				CLANG_ANALYZER_NUMBER_OBJECT_CONVERSION = YES_AGGRESSIVE;
				CLANG_CXX_LANGUAGE_STANDARD = "gnu++14";
				CLANG_CXX_LIBRARY = "libc++";
				CLANG_ENABLE_MODULES = YES;
				CLANG_ENABLE_OBJC_ARC = YES;
				CLANG_ENABLE_OBJC_WEAK = YES;
				CLANG_WARN_BLOCK_CAPTURE_AUTORELEASING = YES;
				CLANG_WARN_BOOL_CONVERSION = YES;
				CLANG_WARN_COMMA = YES;
				CLANG_WARN_CONSTANT_CONVERSION = YES;
				CLANG_WARN_DEPRECATED_OBJC_IMPLEMENTATIONS = YES;
				CLANG_WARN_DIRECT_OBJC_ISA_USAGE = YES_ERROR;
				CLANG_WARN_DOCUMENTATION_COMMENTS = YES;
				CLANG_WARN_EMPTY_BODY = YES;
				CLANG_WARN_ENUM_CONVERSION = YES;
				CLANG_WARN_INFINITE_RECURSION = YES;
				CLANG_WARN_INT_CONVERSION = YES;
				CLANG_WARN_NON_LITERAL_NULL_CONVERSION = YES;
				CLANG_WARN_OBJC_IMPLICIT_RETAIN_SELF = YES;
				CLANG_WARN_OBJC_LITERAL_CONVERSION = YES;
				CLANG_WARN_OBJC_ROOT_CLASS = YES_ERROR;
				CLANG_WARN_RANGE_LOOP_ANALYSIS = YES;
				CLANG_WARN_STRICT_PROTOTYPES = YES;
				CLANG_WARN_SUSPICIOUS_MOVE = YES;
				CLANG_WARN_UNGUARDED_AVAILABILITY = YES_AGGRESSIVE;
				CLANG_WARN_UNREACHABLE_CODE = YES;
				CLANG_WARN__DUPLICATE_METHOD_MATCH = YES;
				CODE_SIGN_IDENTITY = "iPhone Developer";
				COPY_PHASE_STRIP = NO;
				DEBUG_INFORMATION_FORMAT = dwarf;
				ENABLE_STRICT_OBJC_MSGSEND = YES;
				ENABLE_TESTABILITY = YES;
				GCC_C_LANGUAGE_STANDARD = gnu11;
				GCC_DYNAMIC_NO_PIC = NO;
				GCC_NO_COMMON_BLOCKS = YES;
				GCC_OPTIMIZATION_LEVEL = 0;
				GCC_PREPROCESSOR_DEFINITIONS = (
					"DEBUG=1",
					"$(inherited)",
				);
				GCC_WARN_64_TO_32_BIT_CONVERSION = YES;
				GCC_WARN_ABOUT_RETURN_TYPE = YES_ERROR;
				GCC_WARN_UNDECLARED_SELECTOR = YES;
				GCC_WARN_UNINITIALIZED_AUTOS = YES_AGGRESSIVE;
				GCC_WARN_UNUSED_FUNCTION = YES;
				GCC_WARN_UNUSED_VARIABLE = YES;
				IPHONEOS_DEPLOYMENT_TARGET = 11.4;
				MTL_ENABLE_DEBUG_INFO = YES;
				ONLY_ACTIVE_ARCH = YES;
				SDKROOT = iphoneos;
				SWIFT_ACTIVE_COMPILATION_CONDITIONS = DEBUG;
				SWIFT_OPTIMIZATION_LEVEL = "-Onone";
			};
			name = Debug;
		};
		909B4E5020E08BF300085577 /* Release */ = {
			isa = XCBuildConfiguration;
			buildSettings = {
				ALWAYS_SEARCH_USER_PATHS = NO;
				CLANG_ANALYZER_NONNULL = YES;
				CLANG_ANALYZER_NUMBER_OBJECT_CONVERSION = YES_AGGRESSIVE;
				CLANG_CXX_LANGUAGE_STANDARD = "gnu++14";
				CLANG_CXX_LIBRARY = "libc++";
				CLANG_ENABLE_MODULES = YES;
				CLANG_ENABLE_OBJC_ARC = YES;
				CLANG_ENABLE_OBJC_WEAK = YES;
				CLANG_WARN_BLOCK_CAPTURE_AUTORELEASING = YES;
				CLANG_WARN_BOOL_CONVERSION = YES;
				CLANG_WARN_COMMA = YES;
				CLANG_WARN_CONSTANT_CONVERSION = YES;
				CLANG_WARN_DEPRECATED_OBJC_IMPLEMENTATIONS = YES;
				CLANG_WARN_DIRECT_OBJC_ISA_USAGE = YES_ERROR;
				CLANG_WARN_DOCUMENTATION_COMMENTS = YES;
				CLANG_WARN_EMPTY_BODY = YES;
				CLANG_WARN_ENUM_CONVERSION = YES;
				CLANG_WARN_INFINITE_RECURSION = YES;
				CLANG_WARN_INT_CONVERSION = YES;
				CLANG_WARN_NON_LITERAL_NULL_CONVERSION = YES;
				CLANG_WARN_OBJC_IMPLICIT_RETAIN_SELF = YES;
				CLANG_WARN_OBJC_LITERAL_CONVERSION = YES;
				CLANG_WARN_OBJC_ROOT_CLASS = YES_ERROR;
				CLANG_WARN_RANGE_LOOP_ANALYSIS = YES;
				CLANG_WARN_STRICT_PROTOTYPES = YES;
				CLANG_WARN_SUSPICIOUS_MOVE = YES;
				CLANG_WARN_UNGUARDED_AVAILABILITY = YES_AGGRESSIVE;
				CLANG_WARN_UNREACHABLE_CODE = YES;
				CLANG_WARN__DUPLICATE_METHOD_MATCH = YES;
				CODE_SIGN_IDENTITY = "iPhone Developer";
				COPY_PHASE_STRIP = NO;
				DEBUG_INFORMATION_FORMAT = "dwarf-with-dsym";
				ENABLE_NS_ASSERTIONS = NO;
				ENABLE_STRICT_OBJC_MSGSEND = YES;
				GCC_C_LANGUAGE_STANDARD = gnu11;
				GCC_NO_COMMON_BLOCKS = YES;
				GCC_WARN_64_TO_32_BIT_CONVERSION = YES;
				GCC_WARN_ABOUT_RETURN_TYPE = YES_ERROR;
				GCC_WARN_UNDECLARED_SELECTOR = YES;
				GCC_WARN_UNINITIALIZED_AUTOS = YES_AGGRESSIVE;
				GCC_WARN_UNUSED_FUNCTION = YES;
				GCC_WARN_UNUSED_VARIABLE = YES;
				IPHONEOS_DEPLOYMENT_TARGET = 11.4;
				MTL_ENABLE_DEBUG_INFO = NO;
				SDKROOT = iphoneos;
				SWIFT_COMPILATION_MODE = wholemodule;
				SWIFT_OPTIMIZATION_LEVEL = "-O";
				VALIDATE_PRODUCT = YES;
			};
			name = Release;
		};
		909B4E5220E08BF300085577 /* Debug */ = {
			isa = XCBuildConfiguration;
			buildSettings = {
				ASSETCATALOG_COMPILER_APPICON_NAME = AppIcon;
				CODE_SIGN_STYLE = Manual;
				DEVELOPMENT_TEAM = "";
				INFOPLIST_FILE = iOSCourse/Info.plist;
				LD_RUNPATH_SEARCH_PATHS = (
					"$(inherited)",
					"@executable_path/Frameworks",
				);
				PRODUCT_BUNDLE_IDENTIFIER = com.salced.prueba.iOSCourse;
				PRODUCT_NAME = "$(TARGET_NAME)";
				PROVISIONING_PROFILE_SPECIFIER = "";
				SWIFT_VERSION = 4.0;
				TARGETED_DEVICE_FAMILY = "1,2";
			};
			name = Debug;
		};
		909B4E5320E08BF300085577 /* Release */ = {
			isa = XCBuildConfiguration;
			buildSettings = {
				ASSETCATALOG_COMPILER_APPICON_NAME = AppIcon;
				CODE_SIGN_STYLE = Manual;
				DEVELOPMENT_TEAM = "";
				INFOPLIST_FILE = iOSCourse/Info.plist;
				LD_RUNPATH_SEARCH_PATHS = (
					"$(inherited)",
					"@executable_path/Frameworks",
				);
				PRODUCT_BUNDLE_IDENTIFIER = com.salced.prueba.iOSCourse;
				PRODUCT_NAME = "$(TARGET_NAME)";
				PROVISIONING_PROFILE_SPECIFIER = "";
				SWIFT_VERSION = 4.0;
				TARGETED_DEVICE_FAMILY = "1,2";
			};
			name = Release;
		};
/* End XCBuildConfiguration section */

/* Begin XCConfigurationList section */
		909B4E3A20E08BEF00085577 /* Build configuration list for PBXProject "iOSCourse" */ = {
			isa = XCConfigurationList;
			buildConfigurations = (
				909B4E4F20E08BF300085577 /* Debug */,
				909B4E5020E08BF300085577 /* Release */,
			);
			defaultConfigurationIsVisible = 0;
			defaultConfigurationName = Release;
		};
		909B4E5120E08BF300085577 /* Build configuration list for PBXNativeTarget "iOSCourse" */ = {
			isa = XCConfigurationList;
			buildConfigurations = (
				909B4E5220E08BF300085577 /* Debug */,
				909B4E5320E08BF300085577 /* Release */,
			);
			defaultConfigurationIsVisible = 0;
			defaultConfigurationName = Release;
		};
/* End XCConfigurationList section */
	};
	rootObject = 909B4E3720E08BEF00085577 /* Project object */;
}
